
Microsoft Visual Studio Solution File, Format Version 12.00
# Visual Studio Version 16
VisualStudioVersion = 16.0.31005.135
MinimumVisualStudioVersion = 10.0.40219.1
Project("{9A19103F-16F7-4668-BE54-9A1E7A4F7556}") = "MusicHub", "MusicHub.csproj", "{561A8E67-13A2-4061-8AEE-1BA0E7DF6899}"
EndProject
Global
	GlobalSection(SolutionConfigurationPlatforms) = preSolution
		Debug|Any CPU = Debug|Any CPU
		Release|Any CPU = Release|Any CPU
	EndGlobalSection
	GlobalSection(ProjectConfigurationPlatforms) = postSolution
		{561A8E67-13A2-4061-8AEE-1BA0E7DF6899}.Debug|Any CPU.ActiveCfg = Debug|Any CPU
		{561A8E67-13A2-4061-8AEE-1BA0E7DF6899}.Debug|Any CPU.Build.0 = Debug|Any CPU
		{561A8E67-13A2-4061-8AEE-1BA0E7DF6899}.Release|Any CPU.ActiveCfg = Release|Any CPU
		{561A8E67-13A2-4061-8AEE-1BA0E7DF6899}.Release|Any CPU.Build.0 = Release|Any CPU
	EndGlobalSection
	GlobalSection(SolutionProperties) = preSolution
		HideSolutionNode = FALSE
	EndGlobalSection
	GlobalSection(ExtensibilityGlobals) = postSolution
		SolutionGuid = {57A5214D-8521-492A-BF91-8E90B4409E95}
	EndGlobalSection
EndGlobal
