
Microsoft Visual Studio Solution File, Format Version 12.00
# Visual Studio Version 16
VisualStudioVersion = 16.0.30804.86
MinimumVisualStudioVersion = 10.0.40219.1
Project("{FAE04EC0-301F-11D3-BF4B-00C04F79EFBC}") = "P03_SalesDatabase", "P03_SalesDatabase\P03_SalesDatabase.csproj", "{5AE2289D-9193-4563-A5EC-9DF8BBB93D99}"
EndProject
Global
	GlobalSection(SolutionConfigurationPlatforms) = preSolution
		Debug|Any CPU = Debug|Any CPU
		Release|Any CPU = Release|Any CPU
	EndGlobalSection
	GlobalSection(ProjectConfigurationPlatforms) = postSolution
		{5AE2289D-9193-4563-A5EC-9DF8BBB93D99}.Debug|Any CPU.ActiveCfg = Debug|Any CPU
		{5AE2289D-9193-4563-A5EC-9DF8BBB93D99}.Debug|Any CPU.Build.0 = Debug|Any CPU
		{5AE2289D-9193-4563-A5EC-9DF8BBB93D99}.Release|Any CPU.ActiveCfg = Release|Any CPU
		{5AE2289D-9193-4563-A5EC-9DF8BBB93D99}.Release|Any CPU.Build.0 = Release|Any CPU
	EndGlobalSection
	GlobalSection(SolutionProperties) = preSolution
		HideSolutionNode = FALSE
	EndGlobalSection
	GlobalSection(ExtensibilityGlobals) = postSolution
		SolutionGuid = {8147A9A1-CB4D-4181-A107-B6E4A09C65EC}
	EndGlobalSection
EndGlobal
