
Microsoft Visual Studio Solution File, Format Version 12.00
# Visual Studio Version 16
VisualStudioVersion = 16.0.30804.86
MinimumVisualStudioVersion = 10.0.40219.1
Project("{2150E333-8FDC-42A3-9474-1A3956D46DE8}") = "Entity Relations LAB", "Entity Relations LAB", "{B31FD14A-BBF9-48E5-AE0C-F80DFB9A0FEA}"
EndProject
Project("{FAE04EC0-301F-11D3-BF4B-00C04F79EFBC}") = "MyCoolCarSystem", "MyCoolCarSystem\MyCoolCarSystem.csproj", "{33A2F755-6CFE-483E-AC22-C5B880EC41BF}"
EndProject
Global
	GlobalSection(SolutionConfigurationPlatforms) = preSolution
		Debug|Any CPU = Debug|Any CPU
		Release|Any CPU = Release|Any CPU
	EndGlobalSection
	GlobalSection(ProjectConfigurationPlatforms) = postSolution
		{33A2F755-6CFE-483E-AC22-C5B880EC41BF}.Debug|Any CPU.ActiveCfg = Debug|Any CPU
		{33A2F755-6CFE-483E-AC22-C5B880EC41BF}.Debug|Any CPU.Build.0 = Debug|Any CPU
		{33A2F755-6CFE-483E-AC22-C5B880EC41BF}.Release|Any CPU.ActiveCfg = Release|Any CPU
		{33A2F755-6CFE-483E-AC22-C5B880EC41BF}.Release|Any CPU.Build.0 = Release|Any CPU
	EndGlobalSection
	GlobalSection(SolutionProperties) = preSolution
		HideSolutionNode = FALSE
	EndGlobalSection
	GlobalSection(NestedProjects) = preSolution
		{33A2F755-6CFE-483E-AC22-C5B880EC41BF} = {B31FD14A-BBF9-48E5-AE0C-F80DFB9A0FEA}
	EndGlobalSection
	GlobalSection(ExtensibilityGlobals) = postSolution
		SolutionGuid = {9508E774-17CB-4390-9945-1E38C7A83CBB}
	EndGlobalSection
EndGlobal
