
Microsoft Visual Studio Solution File, Format Version 12.00
# Visual Studio Version 16
VisualStudioVersion = 16.0.30804.86
MinimumVisualStudioVersion = 10.0.40219.1
Project("{FAE04EC0-301F-11D3-BF4B-00C04F79EFBC}") = "SoftUni", "SoftUni\SoftUni.csproj", "{177F4390-2497-439F-B93F-3EDE4ED7F959}"
EndProject
Global
	GlobalSection(SolutionConfigurationPlatforms) = preSolution
		Debug|Any CPU = Debug|Any CPU
		Release|Any CPU = Release|Any CPU
	EndGlobalSection
	GlobalSection(ProjectConfigurationPlatforms) = postSolution
		{177F4390-2497-439F-B93F-3EDE4ED7F959}.Debug|Any CPU.ActiveCfg = Debug|Any CPU
		{177F4390-2497-439F-B93F-3EDE4ED7F959}.Debug|Any CPU.Build.0 = Debug|Any CPU
		{177F4390-2497-439F-B93F-3EDE4ED7F959}.Release|Any CPU.ActiveCfg = Release|Any CPU
		{177F4390-2497-439F-B93F-3EDE4ED7F959}.Release|Any CPU.Build.0 = Release|Any CPU
	EndGlobalSection
	GlobalSection(SolutionProperties) = preSolution
		HideSolutionNode = FALSE
	EndGlobalSection
	GlobalSection(ExtensibilityGlobals) = postSolution
		SolutionGuid = {0B69E3C9-3585-46CA-8AD5-F00AA434FEAD}
	EndGlobalSection
EndGlobal
