
Microsoft Visual Studio Solution File, Format Version 12.00
# Visual Studio Version 16
VisualStudioVersion = 16.0.30804.86
MinimumVisualStudioVersion = 10.0.40219.1
Project("{2150E333-8FDC-42A3-9474-1A3956D46DE8}") = "XML Processing LAB", "XML Processing LAB", "{14F91407-765C-4917-B312-034560A96042}"
EndProject
Project("{FAE04EC0-301F-11D3-BF4B-00C04F79EFBC}") = "XML Practice", "XML Practice\XML Practice.csproj", "{0E2A0192-26F5-47D8-943E-7592D528BD27}"
EndProject
Global
	GlobalSection(SolutionConfigurationPlatforms) = preSolution
		Debug|Any CPU = Debug|Any CPU
		Release|Any CPU = Release|Any CPU
	EndGlobalSection
	GlobalSection(ProjectConfigurationPlatforms) = postSolution
		{0E2A0192-26F5-47D8-943E-7592D528BD27}.Debug|Any CPU.ActiveCfg = Debug|Any CPU
		{0E2A0192-26F5-47D8-943E-7592D528BD27}.Debug|Any CPU.Build.0 = Debug|Any CPU
		{0E2A0192-26F5-47D8-943E-7592D528BD27}.Release|Any CPU.ActiveCfg = Release|Any CPU
		{0E2A0192-26F5-47D8-943E-7592D528BD27}.Release|Any CPU.Build.0 = Release|Any CPU
	EndGlobalSection
	GlobalSection(SolutionProperties) = preSolution
		HideSolutionNode = FALSE
	EndGlobalSection
	GlobalSection(NestedProjects) = preSolution
		{0E2A0192-26F5-47D8-943E-7592D528BD27} = {14F91407-765C-4917-B312-034560A96042}
	EndGlobalSection
	GlobalSection(ExtensibilityGlobals) = postSolution
		SolutionGuid = {0F0C93AB-1AF6-4636-8082-44E51FD94712}
	EndGlobalSection
EndGlobal
