
Microsoft Visual Studio Solution File, Format Version 12.00
# Visual Studio Version 16
VisualStudioVersion = 16.0.30804.86
MinimumVisualStudioVersion = 10.0.40219.1
Project("{9A19103F-16F7-4668-BE54-9A1E7A4F7556}") = "AdoNetDemo", "AdoNetDemo\AdoNetDemo.csproj", "{BD8855B0-2466-43AA-861D-19CBA5BD4F66}"
EndProject
Project("{2150E333-8FDC-42A3-9474-1A3956D46DE8}") = "AdoNetEXERCISES", "AdoNetEXERCISES", "{37BED54A-D6E4-4A3E-B9E6-FE2F71003000}"
EndProject
Project("{9A19103F-16F7-4668-BE54-9A1E7A4F7556}") = "1. Initial Setup", "1. Initial Setup\1. Initial Setup.csproj", "{D80F1F43-5D56-4A17-949F-E662EFC3D42B}"
EndProject
Project("{9A19103F-16F7-4668-BE54-9A1E7A4F7556}") = "2. Villain Names", "2. Villain Names\2. Villain Names.csproj", "{D4DBF86C-666F-4B17-A4A9-CDCEF5D2BA5D}"
EndProject
Project("{9A19103F-16F7-4668-BE54-9A1E7A4F7556}") = "3. Minion Names", "3. Minion Names\3. Minion Names.csproj", "{20A6E737-4263-4DFD-A913-14D24E2F0E8C}"
EndProject
Project("{9A19103F-16F7-4668-BE54-9A1E7A4F7556}") = "4. Add Minion", "4. Add Minion\4. Add Minion.csproj", "{180B8261-FE9D-4E3D-9B1C-B582B25A01FE}"
EndProject
Project("{FAE04EC0-301F-11D3-BF4B-00C04F79EFBC}") = "4.Add Minion", "4.Add Minion\4.Add Minion.csproj", "{6AAA2FC4-2793-4DD4-A6A5-C1198DD89B66}"
EndProject
Project("{FAE04EC0-301F-11D3-BF4B-00C04F79EFBC}") = "5. Change Town Names Casing", "5. Change Town Names Casing\5. Change Town Names Casing.csproj", "{A61068F4-7916-45BE-8A10-526F7CA32A00}"
EndProject
Project("{FAE04EC0-301F-11D3-BF4B-00C04F79EFBC}") = "6. Remove Villain", "6. Remove Villain\6. Remove Villain.csproj", "{1A46222B-9C47-40B1-9A80-93803A3E4F35}"
EndProject
Project("{FAE04EC0-301F-11D3-BF4B-00C04F79EFBC}") = "7. Print All Minion Names", "7. Print All Minion Names\7. Print All Minion Names.csproj", "{BD68611A-8E66-4179-AF03-256E96FCC99E}"
EndProject
Project("{FAE04EC0-301F-11D3-BF4B-00C04F79EFBC}") = "8. Increase Minion Age", "8. Increase Minion Age\8. Increase Minion Age.csproj", "{0F35A64B-7DF0-4CB6-A8E3-802BF8439687}"
EndProject
Project("{FAE04EC0-301F-11D3-BF4B-00C04F79EFBC}") = "9. Increase Age Stored Procedure", "9. Increase Age Stored Procedure\9. Increase Age Stored Procedure.csproj", "{881C412E-8076-40DA-8FAD-8FD7DB6B573D}"
EndProject
Global
	GlobalSection(SolutionConfigurationPlatforms) = preSolution
		Debug|Any CPU = Debug|Any CPU
		Release|Any CPU = Release|Any CPU
	EndGlobalSection
	GlobalSection(ProjectConfigurationPlatforms) = postSolution
		{BD8855B0-2466-43AA-861D-19CBA5BD4F66}.Debug|Any CPU.ActiveCfg = Debug|Any CPU
		{BD8855B0-2466-43AA-861D-19CBA5BD4F66}.Debug|Any CPU.Build.0 = Debug|Any CPU
		{BD8855B0-2466-43AA-861D-19CBA5BD4F66}.Release|Any CPU.ActiveCfg = Release|Any CPU
		{BD8855B0-2466-43AA-861D-19CBA5BD4F66}.Release|Any CPU.Build.0 = Release|Any CPU
		{D80F1F43-5D56-4A17-949F-E662EFC3D42B}.Debug|Any CPU.ActiveCfg = Debug|Any CPU
		{D80F1F43-5D56-4A17-949F-E662EFC3D42B}.Debug|Any CPU.Build.0 = Debug|Any CPU
		{D80F1F43-5D56-4A17-949F-E662EFC3D42B}.Release|Any CPU.ActiveCfg = Release|Any CPU
		{D80F1F43-5D56-4A17-949F-E662EFC3D42B}.Release|Any CPU.Build.0 = Release|Any CPU
		{D4DBF86C-666F-4B17-A4A9-CDCEF5D2BA5D}.Debug|Any CPU.ActiveCfg = Debug|Any CPU
		{D4DBF86C-666F-4B17-A4A9-CDCEF5D2BA5D}.Debug|Any CPU.Build.0 = Debug|Any CPU
		{D4DBF86C-666F-4B17-A4A9-CDCEF5D2BA5D}.Release|Any CPU.ActiveCfg = Release|Any CPU
		{D4DBF86C-666F-4B17-A4A9-CDCEF5D2BA5D}.Release|Any CPU.Build.0 = Release|Any CPU
		{20A6E737-4263-4DFD-A913-14D24E2F0E8C}.Debug|Any CPU.ActiveCfg = Debug|Any CPU
		{20A6E737-4263-4DFD-A913-14D24E2F0E8C}.Debug|Any CPU.Build.0 = Debug|Any CPU
		{20A6E737-4263-4DFD-A913-14D24E2F0E8C}.Release|Any CPU.ActiveCfg = Release|Any CPU
		{20A6E737-4263-4DFD-A913-14D24E2F0E8C}.Release|Any CPU.Build.0 = Release|Any CPU
		{180B8261-FE9D-4E3D-9B1C-B582B25A01FE}.Debug|Any CPU.ActiveCfg = Debug|Any CPU
		{180B8261-FE9D-4E3D-9B1C-B582B25A01FE}.Debug|Any CPU.Build.0 = Debug|Any CPU
		{180B8261-FE9D-4E3D-9B1C-B582B25A01FE}.Release|Any CPU.ActiveCfg = Release|Any CPU
		{180B8261-FE9D-4E3D-9B1C-B582B25A01FE}.Release|Any CPU.Build.0 = Release|Any CPU
		{6AAA2FC4-2793-4DD4-A6A5-C1198DD89B66}.Debug|Any CPU.ActiveCfg = Debug|Any CPU
		{6AAA2FC4-2793-4DD4-A6A5-C1198DD89B66}.Debug|Any CPU.Build.0 = Debug|Any CPU
		{6AAA2FC4-2793-4DD4-A6A5-C1198DD89B66}.Release|Any CPU.ActiveCfg = Release|Any CPU
		{6AAA2FC4-2793-4DD4-A6A5-C1198DD89B66}.Release|Any CPU.Build.0 = Release|Any CPU
		{A61068F4-7916-45BE-8A10-526F7CA32A00}.Debug|Any CPU.ActiveCfg = Debug|Any CPU
		{A61068F4-7916-45BE-8A10-526F7CA32A00}.Debug|Any CPU.Build.0 = Debug|Any CPU
		{A61068F4-7916-45BE-8A10-526F7CA32A00}.Release|Any CPU.ActiveCfg = Release|Any CPU
		{A61068F4-7916-45BE-8A10-526F7CA32A00}.Release|Any CPU.Build.0 = Release|Any CPU
		{1A46222B-9C47-40B1-9A80-93803A3E4F35}.Debug|Any CPU.ActiveCfg = Debug|Any CPU
		{1A46222B-9C47-40B1-9A80-93803A3E4F35}.Debug|Any CPU.Build.0 = Debug|Any CPU
		{1A46222B-9C47-40B1-9A80-93803A3E4F35}.Release|Any CPU.ActiveCfg = Release|Any CPU
		{1A46222B-9C47-40B1-9A80-93803A3E4F35}.Release|Any CPU.Build.0 = Release|Any CPU
		{BD68611A-8E66-4179-AF03-256E96FCC99E}.Debug|Any CPU.ActiveCfg = Debug|Any CPU
		{BD68611A-8E66-4179-AF03-256E96FCC99E}.Debug|Any CPU.Build.0 = Debug|Any CPU
		{BD68611A-8E66-4179-AF03-256E96FCC99E}.Release|Any CPU.ActiveCfg = Release|Any CPU
		{BD68611A-8E66-4179-AF03-256E96FCC99E}.Release|Any CPU.Build.0 = Release|Any CPU
		{0F35A64B-7DF0-4CB6-A8E3-802BF8439687}.Debug|Any CPU.ActiveCfg = Debug|Any CPU
		{0F35A64B-7DF0-4CB6-A8E3-802BF8439687}.Debug|Any CPU.Build.0 = Debug|Any CPU
		{0F35A64B-7DF0-4CB6-A8E3-802BF8439687}.Release|Any CPU.ActiveCfg = Release|Any CPU
		{0F35A64B-7DF0-4CB6-A8E3-802BF8439687}.Release|Any CPU.Build.0 = Release|Any CPU
		{881C412E-8076-40DA-8FAD-8FD7DB6B573D}.Debug|Any CPU.ActiveCfg = Debug|Any CPU
		{881C412E-8076-40DA-8FAD-8FD7DB6B573D}.Debug|Any CPU.Build.0 = Debug|Any CPU
		{881C412E-8076-40DA-8FAD-8FD7DB6B573D}.Release|Any CPU.ActiveCfg = Release|Any CPU
		{881C412E-8076-40DA-8FAD-8FD7DB6B573D}.Release|Any CPU.Build.0 = Release|Any CPU
	EndGlobalSection
	GlobalSection(SolutionProperties) = preSolution
		HideSolutionNode = FALSE
	EndGlobalSection
	GlobalSection(NestedProjects) = preSolution
		{D80F1F43-5D56-4A17-949F-E662EFC3D42B} = {37BED54A-D6E4-4A3E-B9E6-FE2F71003000}
		{D4DBF86C-666F-4B17-A4A9-CDCEF5D2BA5D} = {37BED54A-D6E4-4A3E-B9E6-FE2F71003000}
		{20A6E737-4263-4DFD-A913-14D24E2F0E8C} = {37BED54A-D6E4-4A3E-B9E6-FE2F71003000}
		{180B8261-FE9D-4E3D-9B1C-B582B25A01FE} = {37BED54A-D6E4-4A3E-B9E6-FE2F71003000}
		{6AAA2FC4-2793-4DD4-A6A5-C1198DD89B66} = {37BED54A-D6E4-4A3E-B9E6-FE2F71003000}
		{A61068F4-7916-45BE-8A10-526F7CA32A00} = {37BED54A-D6E4-4A3E-B9E6-FE2F71003000}
		{1A46222B-9C47-40B1-9A80-93803A3E4F35} = {37BED54A-D6E4-4A3E-B9E6-FE2F71003000}
		{BD68611A-8E66-4179-AF03-256E96FCC99E} = {37BED54A-D6E4-4A3E-B9E6-FE2F71003000}
		{0F35A64B-7DF0-4CB6-A8E3-802BF8439687} = {37BED54A-D6E4-4A3E-B9E6-FE2F71003000}
		{881C412E-8076-40DA-8FAD-8FD7DB6B573D} = {37BED54A-D6E4-4A3E-B9E6-FE2F71003000}
	EndGlobalSection
	GlobalSection(ExtensibilityGlobals) = postSolution
		SolutionGuid = {29B24CA3-2E91-40A2-9FA7-2499F23C62CA}
	EndGlobalSection
EndGlobal
