
Microsoft Visual Studio Solution File, Format Version 12.00
# Visual Studio Version 16
VisualStudioVersion = 16.0.31005.135
MinimumVisualStudioVersion = 10.0.40219.1
Project("{FAE04EC0-301F-11D3-BF4B-00C04F79EFBC}") = "MusicHub", "MusicHubDatabase\MusicHub.csproj", "{D506D762-56A0-420F-86B4-A845208EAD45}"
EndProject
Global
	GlobalSection(SolutionConfigurationPlatforms) = preSolution
		Debug|Any CPU = Debug|Any CPU
		Release|Any CPU = Release|Any CPU
	EndGlobalSection
	GlobalSection(ProjectConfigurationPlatforms) = postSolution
		{D506D762-56A0-420F-86B4-A845208EAD45}.Debug|Any CPU.ActiveCfg = Debug|Any CPU
		{D506D762-56A0-420F-86B4-A845208EAD45}.Debug|Any CPU.Build.0 = Debug|Any CPU
		{D506D762-56A0-420F-86B4-A845208EAD45}.Release|Any CPU.ActiveCfg = Release|Any CPU
		{D506D762-56A0-420F-86B4-A845208EAD45}.Release|Any CPU.Build.0 = Release|Any CPU
	EndGlobalSection
	GlobalSection(SolutionProperties) = preSolution
		HideSolutionNode = FALSE
	EndGlobalSection
	GlobalSection(ExtensibilityGlobals) = postSolution
		SolutionGuid = {95A2904F-41F0-4429-8BCD-CE8E870B414A}
	EndGlobalSection
EndGlobal
