
Microsoft Visual Studio Solution File, Format Version 12.00
# Visual Studio Version 16
VisualStudioVersion = 16.0.30804.86
MinimumVisualStudioVersion = 10.0.40219.1
Project("{9A19103F-16F7-4668-BE54-9A1E7A4F7556}") = "P01_HospitalDatabase", "P01_HospitalDatabase\P01_HospitalDatabase.csproj", "{C0695DCC-BA92-4028-AD51-48E1BA348FD4}"
EndProject
Project("{FAE04EC0-301F-11D3-BF4B-00C04F79EFBC}") = "P03_SalesDatabase", "P03_SalesDatabase\P03_SalesDatabase.csproj", "{82D288B8-DD69-41D4-8A5F-39A12A064CEC}"
EndProject
Global
	GlobalSection(SolutionConfigurationPlatforms) = preSolution
		Debug|Any CPU = Debug|Any CPU
		Release|Any CPU = Release|Any CPU
	EndGlobalSection
	GlobalSection(ProjectConfigurationPlatforms) = postSolution
		{C0695DCC-BA92-4028-AD51-48E1BA348FD4}.Debug|Any CPU.ActiveCfg = Debug|Any CPU
		{C0695DCC-BA92-4028-AD51-48E1BA348FD4}.Debug|Any CPU.Build.0 = Debug|Any CPU
		{C0695DCC-BA92-4028-AD51-48E1BA348FD4}.Release|Any CPU.ActiveCfg = Release|Any CPU
		{C0695DCC-BA92-4028-AD51-48E1BA348FD4}.Release|Any CPU.Build.0 = Release|Any CPU
		{82D288B8-DD69-41D4-8A5F-39A12A064CEC}.Debug|Any CPU.ActiveCfg = Debug|Any CPU
		{82D288B8-DD69-41D4-8A5F-39A12A064CEC}.Debug|Any CPU.Build.0 = Debug|Any CPU
		{82D288B8-DD69-41D4-8A5F-39A12A064CEC}.Release|Any CPU.ActiveCfg = Release|Any CPU
		{82D288B8-DD69-41D4-8A5F-39A12A064CEC}.Release|Any CPU.Build.0 = Release|Any CPU
	EndGlobalSection
	GlobalSection(SolutionProperties) = preSolution
		HideSolutionNode = FALSE
	EndGlobalSection
	GlobalSection(ExtensibilityGlobals) = postSolution
		SolutionGuid = {8C5FBB45-811A-4913-B281-DBAEB543BFA6}
	EndGlobalSection
EndGlobal
