
Microsoft Visual Studio Solution File, Format Version 12.00
# Visual Studio Version 16
VisualStudioVersion = 16.0.30804.86
MinimumVisualStudioVersion = 10.0.40219.1
Project("{2150E333-8FDC-42A3-9474-1A3956D46DE8}") = "Json Processing LAB", "Json Processing LAB", "{D78C361B-ABD8-4C07-B158-411D97F50891}"
EndProject
Project("{9A19103F-16F7-4668-BE54-9A1E7A4F7556}") = "JSON Demo Practice", "JSON Demo Practice\JSON Demo Practice.csproj", "{FC028387-95E6-4F0A-BB23-6914254038CC}"
EndProject
Project("{2150E333-8FDC-42A3-9474-1A3956D46DE8}") = "Json Processing EXERCISES", "Json Processing EXERCISES", "{3FD8B8C5-42DE-4F8D-A04A-5B9A25137765}"
EndProject
Project("{2150E333-8FDC-42A3-9474-1A3956D46DE8}") = "ProductShopDatabase", "ProductShopDatabase", "{006D6148-4EDF-49DB-B4DC-C1EC531EB16E}"
EndProject
Project("{9A19103F-16F7-4668-BE54-9A1E7A4F7556}") = "ProductShop", "ProductShop\ProductShop.csproj", "{0CA9DFEA-A16D-4FA9-B525-21715D00B09D}"
EndProject
Project("{2150E333-8FDC-42A3-9474-1A3956D46DE8}") = "CarDealerDatabase", "CarDealerDatabase", "{4EC35BFA-4068-465C-AD3A-0E06C215859D}"
EndProject
Project("{9A19103F-16F7-4668-BE54-9A1E7A4F7556}") = "CarDealer", "CarDealer\CarDealer.csproj", "{F5F514EB-A024-420C-AD8C-E2B3C00B2295}"
EndProject
Global
	GlobalSection(SolutionConfigurationPlatforms) = preSolution
		Debug|Any CPU = Debug|Any CPU
		Release|Any CPU = Release|Any CPU
	EndGlobalSection
	GlobalSection(ProjectConfigurationPlatforms) = postSolution
		{FC028387-95E6-4F0A-BB23-6914254038CC}.Debug|Any CPU.ActiveCfg = Debug|Any CPU
		{FC028387-95E6-4F0A-BB23-6914254038CC}.Debug|Any CPU.Build.0 = Debug|Any CPU
		{FC028387-95E6-4F0A-BB23-6914254038CC}.Release|Any CPU.ActiveCfg = Release|Any CPU
		{FC028387-95E6-4F0A-BB23-6914254038CC}.Release|Any CPU.Build.0 = Release|Any CPU
		{0CA9DFEA-A16D-4FA9-B525-21715D00B09D}.Debug|Any CPU.ActiveCfg = Debug|Any CPU
		{0CA9DFEA-A16D-4FA9-B525-21715D00B09D}.Debug|Any CPU.Build.0 = Debug|Any CPU
		{0CA9DFEA-A16D-4FA9-B525-21715D00B09D}.Release|Any CPU.ActiveCfg = Release|Any CPU
		{0CA9DFEA-A16D-4FA9-B525-21715D00B09D}.Release|Any CPU.Build.0 = Release|Any CPU
		{F5F514EB-A024-420C-AD8C-E2B3C00B2295}.Debug|Any CPU.ActiveCfg = Debug|Any CPU
		{F5F514EB-A024-420C-AD8C-E2B3C00B2295}.Debug|Any CPU.Build.0 = Debug|Any CPU
		{F5F514EB-A024-420C-AD8C-E2B3C00B2295}.Release|Any CPU.ActiveCfg = Release|Any CPU
		{F5F514EB-A024-420C-AD8C-E2B3C00B2295}.Release|Any CPU.Build.0 = Release|Any CPU
	EndGlobalSection
	GlobalSection(SolutionProperties) = preSolution
		HideSolutionNode = FALSE
	EndGlobalSection
	GlobalSection(NestedProjects) = preSolution
		{FC028387-95E6-4F0A-BB23-6914254038CC} = {D78C361B-ABD8-4C07-B158-411D97F50891}
		{006D6148-4EDF-49DB-B4DC-C1EC531EB16E} = {3FD8B8C5-42DE-4F8D-A04A-5B9A25137765}
		{0CA9DFEA-A16D-4FA9-B525-21715D00B09D} = {006D6148-4EDF-49DB-B4DC-C1EC531EB16E}
		{4EC35BFA-4068-465C-AD3A-0E06C215859D} = {3FD8B8C5-42DE-4F8D-A04A-5B9A25137765}
		{F5F514EB-A024-420C-AD8C-E2B3C00B2295} = {4EC35BFA-4068-465C-AD3A-0E06C215859D}
	EndGlobalSection
	GlobalSection(ExtensibilityGlobals) = postSolution
		SolutionGuid = {AD46F122-C8E3-49E3-953E-C1104E392CF6}
	EndGlobalSection
EndGlobal
